{
  "name": "Desktop",
  "lockfileVersion": 3,
  "requires": true,
  "packages": {
    "": {
      "dependencies": {
        "pdf-parse": "^1.1.1",
        "pdparse": "^0.0.3"
      }
    },
    "node_modules/debug": {
      "version": "3.2.7",
      "resolved": "https://registry.npmjs.org/debug/-/debug-3.2.7.tgz",
      "integrity": "sha512-CFjzYYAi4ThfiQvizrFQevTTXHtnCqWfe7x1AhgEscTz6ZbLbfoLRLPugTQyBth6f8ZERVUSyWHFD/7Wu4t1XQ==",
      "dependencies": {
        "ms": "^2.1.1"
      }
    },
    "node_modules/ms": {
      "version": "2.1.3",
      "resolved": "https://registry.npmjs.org/ms/-/ms-2.1.3.tgz",
      "integrity": "sha512-6FlzubTLZG3J2a/NVCAleEhjzq5oxgHyaCU9yYXvcLsvoVaHJq/s5xXI6/XXP6tz7R9xAOtHnSO/tXtF3WRTlA=="
    },
    "node_modules/node-ensure": {
      "version": "0.0.0",
      "resolved": "https://registry.npmjs.org/node-ensure/-/node-ensure-0.0.0.tgz",
      "integrity": "sha512-DRI60hzo2oKN1ma0ckc6nQWlHU69RH6xN0sjQTjMpChPfTYvKZdcQFfdYK2RWbJcKyUizSIy/l8OTGxMAM1QDw=="
    },
    "node_modules/pdf-parse": {
      "version": "1.1.1",
      "resolved": "https://registry.npmjs.org/pdf-parse/-/pdf-parse-1.1.1.tgz",
      "integrity": "sha512-v6ZJ/efsBpGrGGknjtq9J/oC8tZWq0KWL5vQrk2GlzLEQPUDB1ex+13Rmidl1neNN358Jn9EHZw5y07FFtaC7A==",
      "dependencies": {
        "debug": "^3.1.0",
        "node-ensure": "^0.0.0"
      },
      "engines": {
        "node": ">=6.8.1"
      }
    },
    "node_modules/pdparse": {
      "version": "0.0.3",
      "resolved": "https://registry.npmjs.org/pdparse/-/pdparse-0.0.3.tgz",
      "integrity": "sha512-Vwiv91hb027DEZ3RfjFNEfNJIz2qUtn7mUgl7shgJqUUxs96pKgImEsrbcGdu2yRx5tcT8fHT0yEs6latrzaeg==",
      "dependencies": {
        "wget": "0.0.1"
      }
    },
    "node_modules/tunnel": {
      "version": "0.0.2",
      "resolved": "https://registry.npmjs.org/tunnel/-/tunnel-0.0.2.tgz",
      "integrity": "sha512-PjBRT+4Y/UH3q/lnjXosoaB+hY1yNH2TXWMjPSF1bAIdZmUDAJ2lBPt5s8jTH1e7sgb3nleK889E9vyY4NXpYw==",
      "engines": {
        "node": ">=0.6.11 <=0.7.0 || >=0.7.3"
      }
    },
    "node_modules/wget": {
      "version": "0.0.1",
      "resolved": "https://registry.npmjs.org/wget/-/wget-0.0.1.tgz",
      "integrity": "sha512-iKDSrvontU6lAQq89bNn7me3HU/+Cau7NedEYz607TOS4n0AgksloCt2UwU+ZH5Kn0Lq+XbJ6STOpnhpjicvOQ==",
      "dependencies": {
        "tunnel": "0.0.2"
      },
      "bin": {
        "nwget": "bin/nwget.js"
      },
      "engines": {
        "node": ">= 0.6.18"
      }
    }
  }
}
